
Microsoft Visual Studio Solution File, Format Version 12.00
# Visual Studio Version 16
VisualStudioVersion = 25.0.1705.6
MinimumVisualStudioVersion = 10.0.40219.1
Project("{FAE04EC0-301F-11D3-BF4B-00C04F79EFBC}") = "Excercises", "Excercises\Excercises.csproj", "{BAE3E4E0-F1A8-4181-BB0F-3711672E6B70}"
EndProject
Project("{FAE04EC0-301F-11D3-BF4B-00C04F79EFBC}") = "Excercise_43", "..\Excercise_43\Excercise_43\Excercise_43.csproj", "{2B418EF8-8577-4D4A-8225-256750237E29}"
EndProject
Project("{FAE04EC0-301F-11D3-BF4B-00C04F79EFBC}") = "Excercise49", "..\Excercise49\Excercise49\Excercise49.csproj", "{06247531-82ED-4987-B32B-7D8DF149EDB6}"
EndProject
Project("{FAE04EC0-301F-11D3-BF4B-00C04F79EFBC}") = "Excercise56", "..\Excercise56\Excercise56\Excercise56.csproj", "{06FFCF26-B8DB-4EC3-BD13-36A7A7DA7E36}"
EndProject
Global
	GlobalSection(SolutionConfigurationPlatforms) = preSolution
		Debug|Any CPU = Debug|Any CPU
		Release|Any CPU = Release|Any CPU
	EndGlobalSection
	GlobalSection(ProjectConfigurationPlatforms) = postSolution
		{BAE3E4E0-F1A8-4181-BB0F-3711672E6B70}.Debug|Any CPU.ActiveCfg = Debug|Any CPU
		{BAE3E4E0-F1A8-4181-BB0F-3711672E6B70}.Debug|Any CPU.Build.0 = Debug|Any CPU
		{BAE3E4E0-F1A8-4181-BB0F-3711672E6B70}.Release|Any CPU.ActiveCfg = Release|Any CPU
		{BAE3E4E0-F1A8-4181-BB0F-3711672E6B70}.Release|Any CPU.Build.0 = Release|Any CPU
		{2B418EF8-8577-4D4A-8225-256750237E29}.Debug|Any CPU.ActiveCfg = Debug|Any CPU
		{2B418EF8-8577-4D4A-8225-256750237E29}.Debug|Any CPU.Build.0 = Debug|Any CPU
		{2B418EF8-8577-4D4A-8225-256750237E29}.Release|Any CPU.ActiveCfg = Release|Any CPU
		{2B418EF8-8577-4D4A-8225-256750237E29}.Release|Any CPU.Build.0 = Release|Any CPU
		{06247531-82ED-4987-B32B-7D8DF149EDB6}.Debug|Any CPU.ActiveCfg = Debug|Any CPU
		{06247531-82ED-4987-B32B-7D8DF149EDB6}.Debug|Any CPU.Build.0 = Debug|Any CPU
		{06247531-82ED-4987-B32B-7D8DF149EDB6}.Release|Any CPU.ActiveCfg = Release|Any CPU
		{06247531-82ED-4987-B32B-7D8DF149EDB6}.Release|Any CPU.Build.0 = Release|Any CPU
		{06FFCF26-B8DB-4EC3-BD13-36A7A7DA7E36}.Debug|Any CPU.ActiveCfg = Debug|Any CPU
		{06FFCF26-B8DB-4EC3-BD13-36A7A7DA7E36}.Debug|Any CPU.Build.0 = Debug|Any CPU
		{06FFCF26-B8DB-4EC3-BD13-36A7A7DA7E36}.Release|Any CPU.ActiveCfg = Release|Any CPU
		{06FFCF26-B8DB-4EC3-BD13-36A7A7DA7E36}.Release|Any CPU.Build.0 = Release|Any CPU
	EndGlobalSection
	GlobalSection(SolutionProperties) = preSolution
		HideSolutionNode = FALSE
	EndGlobalSection
	GlobalSection(ExtensibilityGlobals) = postSolution
		SolutionGuid = {80D1706A-B50B-4152-9666-E3D90A28AB5F}
	EndGlobalSection
EndGlobal
